
Microsoft Visual Studio Solution File, Format Version 12.00
# Visual Studio Version 17
VisualStudioVersion = 17.7.34024.191
MinimumVisualStudioVersion = 10.0.40219.1
Project("{FAE04EC0-301F-11D3-BF4B-00C04F79EFBC}") = "Final Project OOP and DSA", "Final Project OOP and DSA.csproj", "{EE89C793-EB17-484B-9052-BFDD19BF83C0}"
EndProject
Global
	GlobalSection(SolutionConfigurationPlatforms) = preSolution
		Debug|Any CPU = Debug|Any CPU
		Release|Any CPU = Release|Any CPU
	EndGlobalSection
	GlobalSection(ProjectConfigurationPlatforms) = postSolution
		{EE89C793-EB17-484B-9052-BFDD19BF83C0}.Debug|Any CPU.ActiveCfg = Debug|Any CPU
		{EE89C793-EB17-484B-9052-BFDD19BF83C0}.Debug|Any CPU.Build.0 = Debug|Any CPU
		{EE89C793-EB17-484B-9052-BFDD19BF83C0}.Release|Any CPU.ActiveCfg = Release|Any CPU
		{EE89C793-EB17-484B-9052-BFDD19BF83C0}.Release|Any CPU.Build.0 = Release|Any CPU
	EndGlobalSection
	GlobalSection(SolutionProperties) = preSolution
		HideSolutionNode = FALSE
	EndGlobalSection
	GlobalSection(ExtensibilityGlobals) = postSolution
		SolutionGuid = {834F1576-61F1-43A8-9531-D064B346C687}
	EndGlobalSection
EndGlobal
